
Microsoft Visual Studio Solution File, Format Version 12.00
# Visual Studio Version 16
VisualStudioVersion = 16.0.30804.86
MinimumVisualStudioVersion = 10.0.40219.1
Project("{FAE04EC0-301F-11D3-BF4B-00C04F79EFBC}") = "PixelForge", "PixelForge\PixelForge.csproj", "{6CEA029B-3001-4493-87AF-56668329748B}"
EndProject
Global
	GlobalSection(SolutionConfigurationPlatforms) = preSolution
		Debug|Any CPU = Debug|Any CPU
		Release|Any CPU = Release|Any CPU
	EndGlobalSection
	GlobalSection(ProjectConfigurationPlatforms) = postSolution
		{6CEA029B-3001-4493-87AF-56668329748B}.Debug|Any CPU.ActiveCfg = Debug|Any CPU
		{6CEA029B-3001-4493-87AF-56668329748B}.Debug|Any CPU.Build.0 = Debug|Any CPU
		{6CEA029B-3001-4493-87AF-56668329748B}.Release|Any CPU.ActiveCfg = Release|Any CPU
		{6CEA029B-3001-4493-87AF-56668329748B}.Release|Any CPU.Build.0 = Release|Any CPU
	EndGlobalSection
	GlobalSection(SolutionProperties) = preSolution
		HideSolutionNode = FALSE
	EndGlobalSection
	GlobalSection(ExtensibilityGlobals) = postSolution
		SolutionGuid = {DA352EE2-423D-4594-AB69-AB25264BDBF2}
	EndGlobalSection
EndGlobal
